
Microsoft Visual Studio Solution File, Format Version 12.00
# Visual Studio 15
VisualStudioVersion = 15.0.26430.6
MinimumVisualStudioVersion = 10.0.40219.1
Project("{FAE04EC0-301F-11D3-BF4B-00C04F79EFBC}") = "PacketStudio", "PacketStudio\PacketStudio.csproj", "{E6A5C94E-562D-4FAD-94C9-9718735C2B9B}"
EndProject
Project("{FAE04EC0-301F-11D3-BF4B-00C04F79EFBC}") = "PacketStudio.DataAccess", "PacketStudio.DataAccess\PacketStudio.DataAccess.csproj", "{587FB8B1-BC09-40D5-950D-4CD0A3C5F855}"
EndProject
Project("{FAE04EC0-301F-11D3-BF4B-00C04F79EFBC}") = "PacketStudio.NewGUI", "PacketStudio.NewGUI\PacketStudio.NewGUI.csproj", "{68615F16-0B85-4858-91F0-B8662BF3095A}"
EndProject
Project("{FAE04EC0-301F-11D3-BF4B-00C04F79EFBC}") = "PacketStudio.Core", "PacketStudio.Core\PacketStudio.Core.csproj", "{E7558B32-25C1-4175-97E5-CA1BFFE951F8}"
EndProject
Project("{9A19103F-16F7-4668-BE54-9A1E7A4F7556}") = "PacketDotNet", "PacketDotNet\PacketDotNet.csproj", "{F205181B-B208-4D37-8AEC-899BE63932B6}"
EndProject
Global
	GlobalSection(SolutionConfigurationPlatforms) = preSolution
		Debug|Any CPU = Debug|Any CPU
		Release|Any CPU = Release|Any CPU
	EndGlobalSection
	GlobalSection(ProjectConfigurationPlatforms) = postSolution
		{E6A5C94E-562D-4FAD-94C9-9718735C2B9B}.Debug|Any CPU.ActiveCfg = Debug|Any CPU
		{E6A5C94E-562D-4FAD-94C9-9718735C2B9B}.Debug|Any CPU.Build.0 = Debug|Any CPU
		{E6A5C94E-562D-4FAD-94C9-9718735C2B9B}.Release|Any CPU.ActiveCfg = Release|Any CPU
		{E6A5C94E-562D-4FAD-94C9-9718735C2B9B}.Release|Any CPU.Build.0 = Release|Any CPU
		{587FB8B1-BC09-40D5-950D-4CD0A3C5F855}.Debug|Any CPU.ActiveCfg = Debug|Any CPU
		{587FB8B1-BC09-40D5-950D-4CD0A3C5F855}.Debug|Any CPU.Build.0 = Debug|Any CPU
		{587FB8B1-BC09-40D5-950D-4CD0A3C5F855}.Release|Any CPU.ActiveCfg = Release|Any CPU
		{587FB8B1-BC09-40D5-950D-4CD0A3C5F855}.Release|Any CPU.Build.0 = Release|Any CPU
		{68615F16-0B85-4858-91F0-B8662BF3095A}.Debug|Any CPU.ActiveCfg = Debug|Any CPU
		{68615F16-0B85-4858-91F0-B8662BF3095A}.Debug|Any CPU.Build.0 = Debug|Any CPU
		{68615F16-0B85-4858-91F0-B8662BF3095A}.Release|Any CPU.ActiveCfg = Release|Any CPU
		{68615F16-0B85-4858-91F0-B8662BF3095A}.Release|Any CPU.Build.0 = Release|Any CPU
		{E7558B32-25C1-4175-97E5-CA1BFFE951F8}.Debug|Any CPU.ActiveCfg = Debug|Any CPU
		{E7558B32-25C1-4175-97E5-CA1BFFE951F8}.Debug|Any CPU.Build.0 = Debug|Any CPU
		{E7558B32-25C1-4175-97E5-CA1BFFE951F8}.Release|Any CPU.ActiveCfg = Release|Any CPU
		{E7558B32-25C1-4175-97E5-CA1BFFE951F8}.Release|Any CPU.Build.0 = Release|Any CPU
		{F205181B-B208-4D37-8AEC-899BE63932B6}.Debug|Any CPU.ActiveCfg = Debug|Any CPU
		{F205181B-B208-4D37-8AEC-899BE63932B6}.Debug|Any CPU.Build.0 = Debug|Any CPU
		{F205181B-B208-4D37-8AEC-899BE63932B6}.Release|Any CPU.ActiveCfg = Release|Any CPU
		{F205181B-B208-4D37-8AEC-899BE63932B6}.Release|Any CPU.Build.0 = Release|Any CPU
	EndGlobalSection
	GlobalSection(SolutionProperties) = preSolution
		HideSolutionNode = FALSE
	EndGlobalSection
	GlobalSection(ExtensibilityGlobals) = postSolution
		SolutionGuid = {BCBD0E4A-F534-443F-8A59-AE816578DBC2}
	EndGlobalSection
EndGlobal
