
Microsoft Visual Studio Solution File, Format Version 12.00
# Visual Studio Version 16
VisualStudioVersion = 16.0.28922.388
MinimumVisualStudioVersion = 10.0.40219.1
Project("{9A19103F-16F7-4668-BE54-9A1E7A4F7556}") = "PacketStudio.DataAccess", "PacketStudio.DataAccess\PacketStudio.DataAccess.csproj", "{587FB8B1-BC09-40D5-950D-4CD0A3C5F855}"
EndProject
Project("{9A19103F-16F7-4668-BE54-9A1E7A4F7556}") = "PacketStudio.NewGUI", "PacketStudio.NewGUI\PacketStudio.NewGUI.csproj", "{68615F16-0B85-4858-91F0-B8662BF3095A}"
EndProject
Project("{9A19103F-16F7-4668-BE54-9A1E7A4F7556}") = "PacketStudio.Core", "PacketStudio.Core\PacketStudio.Core.csproj", "{E7558B32-25C1-4175-97E5-CA1BFFE951F8}"
EndProject
Project("{9A19103F-16F7-4668-BE54-9A1E7A4F7556}") = "PacketDotNet", "PacketDotNet\PacketDotNet.csproj", "{F205181B-B208-4D37-8AEC-899BE63932B6}"
EndProject
Project("{9A19103F-16F7-4668-BE54-9A1E7A4F7556}") = "PacketStudio.NetAccess", "PacketStudio.NetAccess\PacketStudio.NetAccess.csproj", "{5A85DFA7-D683-4A0C-84D5-D4BED3D738BD}"
EndProject
Project("{9A19103F-16F7-4668-BE54-9A1E7A4F7556}") = "PacketDotNet.Sctp", "PacketDotNet.Sctp\PacketDotNet.Sctp.csproj", "{9EA5D1A6-8F76-4318-95A1-D9BAE543932F}"
EndProject
Project("{9A19103F-16F7-4668-BE54-9A1E7A4F7556}") = "FastPcapng", "FastPcapng\FastPcapng\FastPcapng.csproj", "{EC8F19F0-92CC-4E7D-9031-EB41CE1AE1C1}"
EndProject
Project("{9A19103F-16F7-4668-BE54-9A1E7A4F7556}") = "FastPcapng.DataBending", "FastPcapng\FastPcapng.DataBending\FastPcapng.DataBending.csproj", "{271010B1-0091-4277-BCDF-58D6E6F8BE18}"
EndProject
Global
	GlobalSection(SolutionConfigurationPlatforms) = preSolution
		Debug|Any CPU = Debug|Any CPU
		Debug|x86 = Debug|x86
		Release|Any CPU = Release|Any CPU
		Release|x86 = Release|x86
		Signed|Any CPU = Signed|Any CPU
		Signed|x86 = Signed|x86
	EndGlobalSection
	GlobalSection(ProjectConfigurationPlatforms) = postSolution
		{587FB8B1-BC09-40D5-950D-4CD0A3C5F855}.Debug|Any CPU.ActiveCfg = Debug|Any CPU
		{587FB8B1-BC09-40D5-950D-4CD0A3C5F855}.Debug|Any CPU.Build.0 = Debug|Any CPU
		{587FB8B1-BC09-40D5-950D-4CD0A3C5F855}.Debug|x86.ActiveCfg = Debug|Any CPU
		{587FB8B1-BC09-40D5-950D-4CD0A3C5F855}.Debug|x86.Build.0 = Debug|Any CPU
		{587FB8B1-BC09-40D5-950D-4CD0A3C5F855}.Release|Any CPU.ActiveCfg = Release|Any CPU
		{587FB8B1-BC09-40D5-950D-4CD0A3C5F855}.Release|Any CPU.Build.0 = Release|Any CPU
		{587FB8B1-BC09-40D5-950D-4CD0A3C5F855}.Release|x86.ActiveCfg = Release|Any CPU
		{587FB8B1-BC09-40D5-950D-4CD0A3C5F855}.Release|x86.Build.0 = Release|Any CPU
		{587FB8B1-BC09-40D5-950D-4CD0A3C5F855}.Signed|Any CPU.ActiveCfg = Release|Any CPU
		{587FB8B1-BC09-40D5-950D-4CD0A3C5F855}.Signed|Any CPU.Build.0 = Release|Any CPU
		{587FB8B1-BC09-40D5-950D-4CD0A3C5F855}.Signed|x86.ActiveCfg = Release|Any CPU
		{587FB8B1-BC09-40D5-950D-4CD0A3C5F855}.Signed|x86.Build.0 = Release|Any CPU
		{68615F16-0B85-4858-91F0-B8662BF3095A}.Debug|Any CPU.ActiveCfg = Debug|Any CPU
		{68615F16-0B85-4858-91F0-B8662BF3095A}.Debug|Any CPU.Build.0 = Debug|Any CPU
		{68615F16-0B85-4858-91F0-B8662BF3095A}.Debug|x86.ActiveCfg = Debug|Any CPU
		{68615F16-0B85-4858-91F0-B8662BF3095A}.Debug|x86.Build.0 = Debug|Any CPU
		{68615F16-0B85-4858-91F0-B8662BF3095A}.Release|Any CPU.ActiveCfg = Release|Any CPU
		{68615F16-0B85-4858-91F0-B8662BF3095A}.Release|Any CPU.Build.0 = Release|Any CPU
		{68615F16-0B85-4858-91F0-B8662BF3095A}.Release|x86.ActiveCfg = Release|Any CPU
		{68615F16-0B85-4858-91F0-B8662BF3095A}.Release|x86.Build.0 = Release|Any CPU
		{68615F16-0B85-4858-91F0-B8662BF3095A}.Signed|Any CPU.ActiveCfg = Release|Any CPU
		{68615F16-0B85-4858-91F0-B8662BF3095A}.Signed|x86.ActiveCfg = Release|Any CPU
		{68615F16-0B85-4858-91F0-B8662BF3095A}.Signed|x86.Build.0 = Release|Any CPU
		{E7558B32-25C1-4175-97E5-CA1BFFE951F8}.Debug|Any CPU.ActiveCfg = Debug|Any CPU
		{E7558B32-25C1-4175-97E5-CA1BFFE951F8}.Debug|Any CPU.Build.0 = Debug|Any CPU
		{E7558B32-25C1-4175-97E5-CA1BFFE951F8}.Debug|x86.ActiveCfg = Debug|Any CPU
		{E7558B32-25C1-4175-97E5-CA1BFFE951F8}.Debug|x86.Build.0 = Debug|Any CPU
		{E7558B32-25C1-4175-97E5-CA1BFFE951F8}.Release|Any CPU.ActiveCfg = Release|Any CPU
		{E7558B32-25C1-4175-97E5-CA1BFFE951F8}.Release|Any CPU.Build.0 = Release|Any CPU
		{E7558B32-25C1-4175-97E5-CA1BFFE951F8}.Release|x86.ActiveCfg = Release|Any CPU
		{E7558B32-25C1-4175-97E5-CA1BFFE951F8}.Release|x86.Build.0 = Release|Any CPU
		{E7558B32-25C1-4175-97E5-CA1BFFE951F8}.Signed|Any CPU.ActiveCfg = Release|Any CPU
		{E7558B32-25C1-4175-97E5-CA1BFFE951F8}.Signed|Any CPU.Build.0 = Release|Any CPU
		{E7558B32-25C1-4175-97E5-CA1BFFE951F8}.Signed|x86.ActiveCfg = Release|Any CPU
		{E7558B32-25C1-4175-97E5-CA1BFFE951F8}.Signed|x86.Build.0 = Release|Any CPU
		{F205181B-B208-4D37-8AEC-899BE63932B6}.Debug|Any CPU.ActiveCfg = Debug|Any CPU
		{F205181B-B208-4D37-8AEC-899BE63932B6}.Debug|Any CPU.Build.0 = Debug|Any CPU
		{F205181B-B208-4D37-8AEC-899BE63932B6}.Debug|x86.ActiveCfg = Debug|Any CPU
		{F205181B-B208-4D37-8AEC-899BE63932B6}.Debug|x86.Build.0 = Debug|Any CPU
		{F205181B-B208-4D37-8AEC-899BE63932B6}.Release|Any CPU.ActiveCfg = Release|Any CPU
		{F205181B-B208-4D37-8AEC-899BE63932B6}.Release|Any CPU.Build.0 = Release|Any CPU
		{F205181B-B208-4D37-8AEC-899BE63932B6}.Release|x86.ActiveCfg = Release|x86
		{F205181B-B208-4D37-8AEC-899BE63932B6}.Release|x86.Build.0 = Release|x86
		{F205181B-B208-4D37-8AEC-899BE63932B6}.Signed|Any CPU.ActiveCfg = Release|Any CPU
		{F205181B-B208-4D37-8AEC-899BE63932B6}.Signed|Any CPU.Build.0 = Release|Any CPU
		{F205181B-B208-4D37-8AEC-899BE63932B6}.Signed|x86.ActiveCfg = Release|x86
		{F205181B-B208-4D37-8AEC-899BE63932B6}.Signed|x86.Build.0 = Release|x86
		{5A85DFA7-D683-4A0C-84D5-D4BED3D738BD}.Debug|Any CPU.ActiveCfg = Debug|Any CPU
		{5A85DFA7-D683-4A0C-84D5-D4BED3D738BD}.Debug|Any CPU.Build.0 = Debug|Any CPU
		{5A85DFA7-D683-4A0C-84D5-D4BED3D738BD}.Debug|x86.ActiveCfg = Debug|Any CPU
		{5A85DFA7-D683-4A0C-84D5-D4BED3D738BD}.Debug|x86.Build.0 = Debug|Any CPU
		{5A85DFA7-D683-4A0C-84D5-D4BED3D738BD}.Release|Any CPU.ActiveCfg = Release|Any CPU
		{5A85DFA7-D683-4A0C-84D5-D4BED3D738BD}.Release|Any CPU.Build.0 = Release|Any CPU
		{5A85DFA7-D683-4A0C-84D5-D4BED3D738BD}.Release|x86.ActiveCfg = Release|Any CPU
		{5A85DFA7-D683-4A0C-84D5-D4BED3D738BD}.Release|x86.Build.0 = Release|Any CPU
		{5A85DFA7-D683-4A0C-84D5-D4BED3D738BD}.Signed|Any CPU.ActiveCfg = Release|Any CPU
		{5A85DFA7-D683-4A0C-84D5-D4BED3D738BD}.Signed|Any CPU.Build.0 = Release|Any CPU
		{5A85DFA7-D683-4A0C-84D5-D4BED3D738BD}.Signed|x86.ActiveCfg = Release|Any CPU
		{5A85DFA7-D683-4A0C-84D5-D4BED3D738BD}.Signed|x86.Build.0 = Release|Any CPU
		{9EA5D1A6-8F76-4318-95A1-D9BAE543932F}.Debug|Any CPU.ActiveCfg = Debug|Any CPU
		{9EA5D1A6-8F76-4318-95A1-D9BAE543932F}.Debug|Any CPU.Build.0 = Debug|Any CPU
		{9EA5D1A6-8F76-4318-95A1-D9BAE543932F}.Debug|x86.ActiveCfg = Debug|Any CPU
		{9EA5D1A6-8F76-4318-95A1-D9BAE543932F}.Debug|x86.Build.0 = Debug|Any CPU
		{9EA5D1A6-8F76-4318-95A1-D9BAE543932F}.Release|Any CPU.ActiveCfg = Release|Any CPU
		{9EA5D1A6-8F76-4318-95A1-D9BAE543932F}.Release|Any CPU.Build.0 = Release|Any CPU
		{9EA5D1A6-8F76-4318-95A1-D9BAE543932F}.Release|x86.ActiveCfg = Release|Any CPU
		{9EA5D1A6-8F76-4318-95A1-D9BAE543932F}.Release|x86.Build.0 = Release|Any CPU
		{9EA5D1A6-8F76-4318-95A1-D9BAE543932F}.Signed|Any CPU.ActiveCfg = Debug|Any CPU
		{9EA5D1A6-8F76-4318-95A1-D9BAE543932F}.Signed|Any CPU.Build.0 = Debug|Any CPU
		{9EA5D1A6-8F76-4318-95A1-D9BAE543932F}.Signed|x86.ActiveCfg = Debug|Any CPU
		{9EA5D1A6-8F76-4318-95A1-D9BAE543932F}.Signed|x86.Build.0 = Debug|Any CPU
		{EC8F19F0-92CC-4E7D-9031-EB41CE1AE1C1}.Debug|Any CPU.ActiveCfg = Debug|Any CPU
		{EC8F19F0-92CC-4E7D-9031-EB41CE1AE1C1}.Debug|Any CPU.Build.0 = Debug|Any CPU
		{EC8F19F0-92CC-4E7D-9031-EB41CE1AE1C1}.Debug|x86.ActiveCfg = Debug|Any CPU
		{EC8F19F0-92CC-4E7D-9031-EB41CE1AE1C1}.Debug|x86.Build.0 = Debug|Any CPU
		{EC8F19F0-92CC-4E7D-9031-EB41CE1AE1C1}.Release|Any CPU.ActiveCfg = Release|Any CPU
		{EC8F19F0-92CC-4E7D-9031-EB41CE1AE1C1}.Release|Any CPU.Build.0 = Release|Any CPU
		{EC8F19F0-92CC-4E7D-9031-EB41CE1AE1C1}.Release|x86.ActiveCfg = Release|Any CPU
		{EC8F19F0-92CC-4E7D-9031-EB41CE1AE1C1}.Release|x86.Build.0 = Release|Any CPU
		{EC8F19F0-92CC-4E7D-9031-EB41CE1AE1C1}.Signed|Any CPU.ActiveCfg = Debug|Any CPU
		{EC8F19F0-92CC-4E7D-9031-EB41CE1AE1C1}.Signed|Any CPU.Build.0 = Debug|Any CPU
		{EC8F19F0-92CC-4E7D-9031-EB41CE1AE1C1}.Signed|x86.ActiveCfg = Debug|Any CPU
		{EC8F19F0-92CC-4E7D-9031-EB41CE1AE1C1}.Signed|x86.Build.0 = Debug|Any CPU
		{271010B1-0091-4277-BCDF-58D6E6F8BE18}.Debug|Any CPU.ActiveCfg = Debug|Any CPU
		{271010B1-0091-4277-BCDF-58D6E6F8BE18}.Debug|Any CPU.Build.0 = Debug|Any CPU
		{271010B1-0091-4277-BCDF-58D6E6F8BE18}.Debug|x86.ActiveCfg = Debug|Any CPU
		{271010B1-0091-4277-BCDF-58D6E6F8BE18}.Debug|x86.Build.0 = Debug|Any CPU
		{271010B1-0091-4277-BCDF-58D6E6F8BE18}.Release|Any CPU.ActiveCfg = Release|Any CPU
		{271010B1-0091-4277-BCDF-58D6E6F8BE18}.Release|Any CPU.Build.0 = Release|Any CPU
		{271010B1-0091-4277-BCDF-58D6E6F8BE18}.Release|x86.ActiveCfg = Release|Any CPU
		{271010B1-0091-4277-BCDF-58D6E6F8BE18}.Release|x86.Build.0 = Release|Any CPU
		{271010B1-0091-4277-BCDF-58D6E6F8BE18}.Signed|Any CPU.ActiveCfg = Debug|Any CPU
		{271010B1-0091-4277-BCDF-58D6E6F8BE18}.Signed|Any CPU.Build.0 = Debug|Any CPU
		{271010B1-0091-4277-BCDF-58D6E6F8BE18}.Signed|x86.ActiveCfg = Debug|Any CPU
		{271010B1-0091-4277-BCDF-58D6E6F8BE18}.Signed|x86.Build.0 = Debug|Any CPU
	EndGlobalSection
	GlobalSection(SolutionProperties) = preSolution
		HideSolutionNode = FALSE
	EndGlobalSection
	GlobalSection(ExtensibilityGlobals) = postSolution
		SolutionGuid = {BCBD0E4A-F534-443F-8A59-AE816578DBC2}
	EndGlobalSection
EndGlobal
